
Microsoft Visual Studio Solution File, Format Version 12.00
# Visual Studio 15
VisualStudioVersion = 15.0.27004.2010
MinimumVisualStudioVersion = 10.0.40219.1
Project("{FAE04EC0-301F-11D3-BF4B-00C04F79EFBC}") = "IPGTrails4Health", "IPGTrails4Health\IPGTrails4Health.csproj", "{38F9305E-E8F2-42B7-A8C2-718FEC98DA51}"
EndProject
Global
	GlobalSection(SolutionConfigurationPlatforms) = preSolution
		Debug|Any CPU = Debug|Any CPU
		Release|Any CPU = Release|Any CPU
	EndGlobalSection
	GlobalSection(ProjectConfigurationPlatforms) = postSolution
		{38F9305E-E8F2-42B7-A8C2-718FEC98DA51}.Debug|Any CPU.ActiveCfg = Debug|Any CPU
		{38F9305E-E8F2-42B7-A8C2-718FEC98DA51}.Debug|Any CPU.Build.0 = Debug|Any CPU
		{38F9305E-E8F2-42B7-A8C2-718FEC98DA51}.Release|Any CPU.ActiveCfg = Release|Any CPU
		{38F9305E-E8F2-42B7-A8C2-718FEC98DA51}.Release|Any CPU.Build.0 = Release|Any CPU
	EndGlobalSection
	GlobalSection(SolutionProperties) = preSolution
		HideSolutionNode = FALSE
	EndGlobalSection
	GlobalSection(ExtensibilityGlobals) = postSolution
		SolutionGuid = {7A6AB778-62AF-4143-A8C6-913C79822B81}
	EndGlobalSection
EndGlobal
